
Microsoft Visual Studio Solution File, Format Version 12.00
# Visual Studio Version 16
VisualStudioVersion = 16.0.30804.86
MinimumVisualStudioVersion = 10.0.40219.1
Project("{FAE04EC0-301F-11D3-BF4B-00C04F79EFBC}") = "WebApiDemo", "WebApiDemo\WebApiDemo.csproj", "{D6470EE1-BD3C-4CAE-BDD1-710DC41DBF8F}"
EndProject
Project("{FAE04EC0-301F-11D3-BF4B-00C04F79EFBC}") = "MVCDemo", "MVCDemo\MVCDemo.csproj", "{F7850869-7B65-43B3-B266-CEB23F662CBC}"
EndProject
Global
	GlobalSection(SolutionConfigurationPlatforms) = preSolution
		Debug|Any CPU = Debug|Any CPU
		Release|Any CPU = Release|Any CPU
	EndGlobalSection
	GlobalSection(ProjectConfigurationPlatforms) = postSolution
		{D6470EE1-BD3C-4CAE-BDD1-710DC41DBF8F}.Debug|Any CPU.ActiveCfg = Debug|Any CPU
		{D6470EE1-BD3C-4CAE-BDD1-710DC41DBF8F}.Debug|Any CPU.Build.0 = Debug|Any CPU
		{D6470EE1-BD3C-4CAE-BDD1-710DC41DBF8F}.Release|Any CPU.ActiveCfg = Release|Any CPU
		{D6470EE1-BD3C-4CAE-BDD1-710DC41DBF8F}.Release|Any CPU.Build.0 = Release|Any CPU
		{F7850869-7B65-43B3-B266-CEB23F662CBC}.Debug|Any CPU.ActiveCfg = Debug|Any CPU
		{F7850869-7B65-43B3-B266-CEB23F662CBC}.Debug|Any CPU.Build.0 = Debug|Any CPU
		{F7850869-7B65-43B3-B266-CEB23F662CBC}.Release|Any CPU.ActiveCfg = Release|Any CPU
		{F7850869-7B65-43B3-B266-CEB23F662CBC}.Release|Any CPU.Build.0 = Release|Any CPU
	EndGlobalSection
	GlobalSection(SolutionProperties) = preSolution
		HideSolutionNode = FALSE
	EndGlobalSection
	GlobalSection(ExtensibilityGlobals) = postSolution
		SolutionGuid = {3F9357DF-DACF-47BE-846F-5E5060F88B08}
	EndGlobalSection
EndGlobal
